
Microsoft Visual Studio Solution File, Format Version 12.00
# Visual Studio Version 17
VisualStudioVersion = 17.5.33627.172
MinimumVisualStudioVersion = 10.0.40219.1
Project("{9A19103F-16F7-4668-BE54-9A1E7A4F7556}") = "Api.Users", "Api.Users.csproj", "{2FDCF8FE-9152-4900-8917-389BB5B8CDF0}"
EndProject
Project("{9A19103F-16F7-4668-BE54-9A1E7A4F7556}") = "BL_MeterCheck_DataAccess", "..\BL_MeterCheck_DataAccess\BL_MeterCheck_DataAccess.csproj", "{88860DA2-5529-43EB-920F-BAF60D768932}"
EndProject
Project("{9A19103F-16F7-4668-BE54-9A1E7A4F7556}") = "BL_MeterCheckModels", "..\BL_MeterCheckModels\BL_MeterCheckModels.csproj", "{8301E409-B563-4FB1-A123-A84B736DD079}"
EndProject
Global
	GlobalSection(SolutionConfigurationPlatforms) = preSolution
		Debug|Any CPU = Debug|Any CPU
		Release|Any CPU = Release|Any CPU
	EndGlobalSection
	GlobalSection(ProjectConfigurationPlatforms) = postSolution
		{2FDCF8FE-9152-4900-8917-389BB5B8CDF0}.Debug|Any CPU.ActiveCfg = Debug|Any CPU
		{2FDCF8FE-9152-4900-8917-389BB5B8CDF0}.Debug|Any CPU.Build.0 = Debug|Any CPU
		{2FDCF8FE-9152-4900-8917-389BB5B8CDF0}.Release|Any CPU.ActiveCfg = Release|Any CPU
		{2FDCF8FE-9152-4900-8917-389BB5B8CDF0}.Release|Any CPU.Build.0 = Release|Any CPU
		{88860DA2-5529-43EB-920F-BAF60D768932}.Debug|Any CPU.ActiveCfg = Debug|Any CPU
		{88860DA2-5529-43EB-920F-BAF60D768932}.Debug|Any CPU.Build.0 = Debug|Any CPU
		{88860DA2-5529-43EB-920F-BAF60D768932}.Release|Any CPU.ActiveCfg = Release|Any CPU
		{88860DA2-5529-43EB-920F-BAF60D768932}.Release|Any CPU.Build.0 = Release|Any CPU
		{8301E409-B563-4FB1-A123-A84B736DD079}.Debug|Any CPU.ActiveCfg = Debug|Any CPU
		{8301E409-B563-4FB1-A123-A84B736DD079}.Debug|Any CPU.Build.0 = Debug|Any CPU
		{8301E409-B563-4FB1-A123-A84B736DD079}.Release|Any CPU.ActiveCfg = Release|Any CPU
		{8301E409-B563-4FB1-A123-A84B736DD079}.Release|Any CPU.Build.0 = Release|Any CPU
	EndGlobalSection
	GlobalSection(SolutionProperties) = preSolution
		HideSolutionNode = FALSE
	EndGlobalSection
	GlobalSection(ExtensibilityGlobals) = postSolution
		SolutionGuid = {4B0F9427-E401-48B1-8A56-F64F1EE55CEF}
	EndGlobalSection
EndGlobal
